
Microsoft Visual Studio Solution File, Format Version 12.00
# Visual Studio 2013
VisualStudioVersion = 12.0.31101.0
MinimumVisualStudioVersion = 10.0.40219.1
Project("{FAE04EC0-301F-11D3-BF4B-00C04F79EFBC}") = "SpajamHonsen", "SpajamHonsen\SpajamHonsen.csproj", "{DA418C57-6716-4F77-BBF9-93B09C5CD838}"
EndProject
Project("{2150E333-8FDC-42A3-9474-1A3956D46DE8}") = "PublishScripts", "PublishScripts", "{526C3CA1-89B8-4996-A335-7B6C10336263}"
	ProjectSection(SolutionItems) = preProject
		PublishScripts\AzureWebsitePublishModule.psm1 = PublishScripts\AzureWebsitePublishModule.psm1
		PublishScripts\Publish-WebApplicationWebsite.ps1 = PublishScripts\Publish-WebApplicationWebsite.ps1
	EndProjectSection
EndProject
Project("{2150E333-8FDC-42A3-9474-1A3956D46DE8}") = "Configurations", "Configurations", "{217E75B9-997E-457C-904E-573681CDFED6}"
	ProjectSection(SolutionItems) = preProject
		PublishScripts\Configurations\SpajamHonsen-WAWS-dev.json = PublishScripts\Configurations\SpajamHonsen-WAWS-dev.json
	EndProjectSection
EndProject
Global
	GlobalSection(SolutionConfigurationPlatforms) = preSolution
		Debug|Any CPU = Debug|Any CPU
		Release|Any CPU = Release|Any CPU
	EndGlobalSection
	GlobalSection(ProjectConfigurationPlatforms) = postSolution
		{DA418C57-6716-4F77-BBF9-93B09C5CD838}.Debug|Any CPU.ActiveCfg = Debug|Any CPU
		{DA418C57-6716-4F77-BBF9-93B09C5CD838}.Debug|Any CPU.Build.0 = Debug|Any CPU
		{DA418C57-6716-4F77-BBF9-93B09C5CD838}.Release|Any CPU.ActiveCfg = Release|Any CPU
		{DA418C57-6716-4F77-BBF9-93B09C5CD838}.Release|Any CPU.Build.0 = Release|Any CPU
	EndGlobalSection
	GlobalSection(SolutionProperties) = preSolution
		HideSolutionNode = FALSE
	EndGlobalSection
	GlobalSection(NestedProjects) = preSolution
		{217E75B9-997E-457C-904E-573681CDFED6} = {526C3CA1-89B8-4996-A335-7B6C10336263}
	EndGlobalSection
EndGlobal
